
Microsoft Visual Studio Solution File, Format Version 12.00
# Visual Studio Version 17
VisualStudioVersion = 17.3.32929.385
MinimumVisualStudioVersion = 10.0.40219.1
Project("{F184B08F-C81C-45F6-A57F-5ABD9991F28F}") = "Feb5", "Feb5\Feb5.vbproj", "{E4B6ADDE-C848-4D9C-A373-1AB6D3C4B611}"
EndProject
Global
	GlobalSection(SolutionConfigurationPlatforms) = preSolution
		Debug|Any CPU = Debug|Any CPU
		Release|Any CPU = Release|Any CPU
	EndGlobalSection
	GlobalSection(ProjectConfigurationPlatforms) = postSolution
		{E4B6ADDE-C848-4D9C-A373-1AB6D3C4B611}.Debug|Any CPU.ActiveCfg = Debug|Any CPU
		{E4B6ADDE-C848-4D9C-A373-1AB6D3C4B611}.Debug|Any CPU.Build.0 = Debug|Any CPU
		{E4B6ADDE-C848-4D9C-A373-1AB6D3C4B611}.Release|Any CPU.ActiveCfg = Release|Any CPU
		{E4B6ADDE-C848-4D9C-A373-1AB6D3C4B611}.Release|Any CPU.Build.0 = Release|Any CPU
	EndGlobalSection
	GlobalSection(SolutionProperties) = preSolution
		HideSolutionNode = FALSE
	EndGlobalSection
	GlobalSection(ExtensibilityGlobals) = postSolution
		SolutionGuid = {5E4C3A18-B686-4506-B650-74F091A260FE}
	EndGlobalSection
EndGlobal
